<?xml version="1.0" encoding="utf-8"?>
<Project ToolsVersion="4.0" xmlns="http://schemas.microsoft.com/developer/msbuild/2003">
  <ItemGroup>
    <Filter Include="源文件">
      <UniqueIdentifier>{4FC737F1-C7A5-4376-A066-2A32D752A2FF}</UniqueIdentifier>
      <Extensions>cpp;c;cc;cxx;c++;cppm;ixx;def;odl;idl;hpj;bat;asm;asmx</Extensions>
    </Filter>
    <Filter Include="头文件">
      <UniqueIdentifier>{93995380-89BD-4b04-88EB-625FBE52EBFB}</UniqueIdentifier>
      <Extensions>h;hh;hpp;hxx;h++;hm;inl;inc;ipp;xsd</Extensions>
    </Filter>
    <Filter Include="资源文件">
      <UniqueIdentifier>{67DA6AB6-F800-4c08-8B7A-83BB121AAD01}</UniqueIdentifier>
      <Extensions>rc;ico;cur;bmp;dlg;rc2;rct;bin;rgs;gif;jpg;jpeg;jpe;resx;tiff;tif;png;wav;mfcribbon-ms</Extensions>
    </Filter>
    <Filter Include="vmprofille">
      <UniqueIdentifier>{3e0d5125-2d6b-4f25-84ae-edc87818b7db}</UniqueIdentifier>
    </Filter>
    <Filter Include="vmprofille\vmprofiles">
      <UniqueIdentifier>{294cffc2-a939-4d12-8f88-30cad4cf3fd7}</UniqueIdentifier>
    </Filter>
    <Filter Include="vmprofille\include">
      <UniqueIdentifier>{d4906d6e-14a7-4954-999d-bba3b9b18705}</UniqueIdentifier>
    </Filter>
  </ItemGroup>
  <ItemGroup>
    <ClCompile Include="vmprofile_test.cpp">
      <Filter>源文件</Filter>
    </ClCompile>
    <ClCompile Include="vmprofiler\src\vmprofiles\lflags.cpp">
      <Filter>vmprofille\vmprofiles</Filter>
    </ClCompile>
    <ClCompile Include="vmprofiler\src\vmprofiles\lreg.cpp">
      <Filter>vmprofille\vmprofiles</Filter>
    </ClCompile>
    <ClCompile Include="vmprofiler\src\vmprofiles\mul.cpp">
      <Filter>vmprofille\vmprofiles</Filter>
    </ClCompile>
    <ClCompile Include="vmprofiler\src\vmprofiles\nand.cpp">
      <Filter>vmprofille\vmprofiles</Filter>
    </ClCompile>
    <ClCompile Include="vmprofiler\src\vmprofiles\popvsp.cpp">
      <Filter>vmprofille\vmprofiles</Filter>
    </ClCompile>
    <ClCompile Include="vmprofiler\src\vmprofiles\pushvsp.cpp">
      <Filter>vmprofille\vmprofiles</Filter>
    </ClCompile>
    <ClCompile Include="vmprofiler\src\vmprofiles\rdtsc.cpp">
      <Filter>vmprofille\vmprofiles</Filter>
    </ClCompile>
    <ClCompile Include="vmprofiler\src\vmprofiles\read.cpp">
      <Filter>vmprofille\vmprofiles</Filter>
    </ClCompile>
    <ClCompile Include="vmprofiler\src\vmprofiles\readcr3.cpp">
      <Filter>vmprofille\vmprofiles</Filter>
    </ClCompile>
    <ClCompile Include="vmprofiler\src\vmprofiles\readcr8.cpp">
      <Filter>vmprofille\vmprofiles</Filter>
    </ClCompile>
    <ClCompile Include="vmprofiler\src\vmprofiles\shl.cpp">
      <Filter>vmprofille\vmprofiles</Filter>
    </ClCompile>
    <ClCompile Include="vmprofiler\src\vmprofiles\shld.cpp">
      <Filter>vmprofille\vmprofiles</Filter>
    </ClCompile>
    <ClCompile Include="vmprofiler\src\vmprofiles\shr.cpp">
      <Filter>vmprofille\vmprofiles</Filter>
    </ClCompile>
    <ClCompile Include="vmprofiler\src\vmprofiles\shrd.cpp">
      <Filter>vmprofille\vmprofiles</Filter>
    </ClCompile>
    <ClCompile Include="vmprofiler\src\vmprofiles\sreg.cpp">
      <Filter>vmprofille\vmprofiles</Filter>
    </ClCompile>
    <ClCompile Include="vmprofiler\src\vmprofiles\vmexit.cpp">
      <Filter>vmprofille\vmprofiles</Filter>
    </ClCompile>
    <ClCompile Include="vmprofiler\src\vmprofiles\write.cpp">
      <Filter>vmprofille\vmprofiles</Filter>
    </ClCompile>
    <ClCompile Include="vmprofiler\src\vmprofiles\writecr3.cpp">
      <Filter>vmprofille\vmprofiles</Filter>
    </ClCompile>
    <ClCompile Include="vmprofiler\src\vmprofiles\add.cpp">
      <Filter>vmprofille\vmprofiles</Filter>
    </ClCompile>
    <ClCompile Include="vmprofiler\src\vmprofiles\call.cpp">
      <Filter>vmprofille\vmprofiles</Filter>
    </ClCompile>
    <ClCompile Include="vmprofiler\src\vmprofiles\div.cpp">
      <Filter>vmprofille\vmprofiles</Filter>
    </ClCompile>
    <ClCompile Include="vmprofiler\src\vmprofiles\idiv.cpp">
      <Filter>vmprofille\vmprofiles</Filter>
    </ClCompile>
    <ClCompile Include="vmprofiler\src\vmprofiles\imul.cpp">
      <Filter>vmprofille\vmprofiles</Filter>
    </ClCompile>
    <ClCompile Include="vmprofiler\src\vmprofiles\jmp.cpp">
      <Filter>vmprofille\vmprofiles</Filter>
    </ClCompile>
    <ClCompile Include="vmprofiler\src\vmprofiles\lconst.cpp">
      <Filter>vmprofille\vmprofiles</Filter>
    </ClCompile>
    <ClCompile Include="vmprofiler\src\calc_jmp.cpp">
      <Filter>vmprofille</Filter>
    </ClCompile>
    <ClCompile Include="vmprofiler\src\scn.cpp">
      <Filter>vmprofille</Filter>
    </ClCompile>
    <ClCompile Include="vmprofiler\src\vmctx.cpp">
      <Filter>vmprofille</Filter>
    </ClCompile>
    <ClCompile Include="vmprofiler\src\vmhandler.cpp">
      <Filter>vmprofille</Filter>
    </ClCompile>
    <ClCompile Include="vmprofiler\src\vminstrs.cpp">
      <Filter>vmprofille</Filter>
    </ClCompile>
    <ClCompile Include="vmprofiler\src\vmlocate.cpp">
      <Filter>vmprofille</Filter>
    </ClCompile>
    <ClCompile Include="vmprofiler\src\vmutils.cpp">
      <Filter>vmprofille</Filter>
    </ClCompile>
    <ClCompile Include="vmprofiler\src\vmprofiles\cpuid.cpp">
      <Filter>vmprofille\vmprofiles</Filter>
    </ClCompile>
    <ClCompile Include="vmprofiler\src\virtual_machine_stream.cpp">
      <Filter>vmprofille</Filter>
    </ClCompile>
  </ItemGroup>
  <ItemGroup>
    <ClInclude Include="vmprofiler\include\calc_jmp.hpp">
      <Filter>vmprofille\include</Filter>
    </ClInclude>
    <ClInclude Include="vmprofiler\include\scn.hpp">
      <Filter>vmprofille\include</Filter>
    </ClInclude>
    <ClInclude Include="vmprofiler\include\transform.hpp">
      <Filter>vmprofille\include</Filter>
    </ClInclude>
    <ClInclude Include="vmprofiler\include\virtual_machine_stream.hpp">
      <Filter>vmprofille\include</Filter>
    </ClInclude>
    <ClInclude Include="vmprofiler\include\vmctx.hpp">
      <Filter>vmprofille\include</Filter>
    </ClInclude>
    <ClInclude Include="vmprofiler\include\vmhandlers.hpp">
      <Filter>vmprofille\include</Filter>
    </ClInclude>
    <ClInclude Include="vmprofiler\include\vminstrs.hpp">
      <Filter>vmprofille\include</Filter>
    </ClInclude>
    <ClInclude Include="vmprofiler\include\vmlocate.hpp">
      <Filter>vmprofille\include</Filter>
    </ClInclude>
    <ClInclude Include="vmprofiler\include\vmp2.hpp">
      <Filter>vmprofille\include</Filter>
    </ClInclude>
    <ClInclude Include="vmprofiler\include\vmprofiler.hpp">
      <Filter>vmprofille\include</Filter>
    </ClInclude>
    <ClInclude Include="vmprofiler\include\vmprofiles.hpp">
      <Filter>vmprofille\include</Filter>
    </ClInclude>
    <ClInclude Include="vmprofiler\include\vmutils.hpp">
      <Filter>vmprofille\include</Filter>
    </ClInclude>
  </ItemGroup>
</Project>