
Microsoft Visual Studio Solution File, Format Version 12.00
# Visual Studio Version 16
VisualStudioVersion = 16.0.30907.101
MinimumVisualStudioVersion = 10.0.40219.1
Project("{8BC9CEB8-8B4A-11D0-8D11-00A0C91BC942}") = "xtils", "xtils.vcxproj", "{47343E59-10B7-4F29-B7A0-561B106F7D0B}"
EndProject
Global
	GlobalSection(SolutionConfigurationPlatforms) = preSolution
		Release|x64 = Release|x64
	EndGlobalSection
	GlobalSection(ProjectConfigurationPlatforms) = postSolution
		{47343E59-10B7-4F29-B7A0-561B106F7D0B}.Release|x64.ActiveCfg = Release|x64
		{47343E59-10B7-4F29-B7A0-561B106F7D0B}.Release|x64.Build.0 = Release|x64
	EndGlobalSection
	GlobalSection(SolutionProperties) = preSolution
		HideSolutionNode = FALSE
	EndGlobalSection
	GlobalSection(ExtensibilityGlobals) = postSolution
		SolutionGuid = {5FCE9B1F-FCF9-4D0A-9B5E-207C218B537E}
	EndGlobalSection
EndGlobal
